{
  "nodes": {
    "emacs-overlay": {
      "inputs": {
        "nixpkgs": [
          "sync",
          "nixpkgs"
        ],
        "nixpkgs-stable": [
          "sync",
          "nixpkgs-stable"
        ]
      },
      "locked": {
        "lastModified": 1748163896,
        "narHash": "sha256-IaLOUPFlgFLnj9BjaP1HqZ3EmX4O7jzR/Q9zxK9Yrl4=",
        "owner": "nix-community",
        "repo": "emacs-overlay",
        "rev": "566f386a7e716cbde6b60c2cbf5e938655f29911",
        "type": "github"
      },
      "original": {
        "owner": "nix-community",
        "repo": "emacs-overlay",
        "type": "github"
      }
    },
    "flake-utils": {
      "inputs": {
        "systems": "systems"
      },
      "locked": {
        "lastModified": 1731533236,
        "narHash": "sha256-l0KFg5HjrsfsO/JpG+r7fRrqm12kzFHyUHqHCVpMMbI=",
        "owner": "numtide",
        "repo": "flake-utils",
        "rev": "11707dc2f618dd54ca8739b309ec4fc024de578b",
        "type": "github"
      },
      "original": {
        "owner": "numtide",
        "repo": "flake-utils",
        "type": "github"
      }
    },
    "home-manager": {
      "inputs": {
        "nixpkgs": [
          "sync",
          "nixpkgs"
        ]
      },
      "locked": {
        "lastModified": 1748134483,
        "narHash": "sha256-5PBK1nV8X39K3qUj8B477Aa2RdbLq3m7wRxUKRtggX4=",
        "owner": "nix-community",
        "repo": "home-manager",
        "rev": "c1e671036224089937e111e32ea899f59181c383",
        "type": "github"
      },
      "original": {
        "owner": "nix-community",
        "repo": "home-manager",
        "type": "github"
      }
    },
    "nixpkgs": {
      "locked": {
        "lastModified": 1747958103,
        "narHash": "sha256-qmmFCrfBwSHoWw7cVK4Aj+fns+c54EBP8cGqp/yK410=",
        "owner": "nixos",
        "repo": "nixpkgs",
        "rev": "fe51d34885f7b5e3e7b59572796e1bcb427eccb1",
        "type": "github"
      },
      "original": {
        "owner": "nixos",
        "ref": "nixpkgs-unstable",
        "repo": "nixpkgs",
        "type": "github"
      }
    },
    "nixpkgs-stable": {
      "locked": {
        "lastModified": 1747953325,
        "narHash": "sha256-y2ZtlIlNTuVJUZCqzZAhIw5rrKP4DOSklev6c8PyCkQ=",
        "owner": "NixOS",
        "repo": "nixpkgs",
        "rev": "55d1f923c480dadce40f5231feb472e81b0bab48",
        "type": "github"
      },
      "original": {
        "owner": "NixOS",
        "ref": "nixos-25.05",
        "repo": "nixpkgs",
        "type": "github"
      }
    },
    "root": {
      "inputs": {
        "emacs-overlay": [
          "sync",
          "emacs-overlay"
        ],
        "flake-utils": [
          "sync",
          "flake-utils"
        ],
        "nixpkgs": [
          "sync",
          "nixpkgs"
        ],
        "sync": "sync"
      }
    },
    "sync": {
      "inputs": {
        "emacs-overlay": "emacs-overlay",
        "flake-utils": "flake-utils",
        "home-manager": "home-manager",
        "nixpkgs": "nixpkgs",
        "nixpkgs-stable": "nixpkgs-stable"
      },
      "locked": {
        "lastModified": 1748178933,
        "narHash": "sha256-TwOpHkR3MTrXT2sRPq3QGbxFJ52AtxgusBE6BV83tPk=",
        "owner": "schmir",
        "repo": "sync-flake",
        "rev": "cc48eb086b013c0f923cdb7bf4e08808e7e245b3",
        "type": "github"
      },
      "original": {
        "owner": "schmir",
        "repo": "sync-flake",
        "type": "github"
      }
    },
    "systems": {
      "locked": {
        "lastModified": 1681028828,
        "narHash": "sha256-Vy1rq5AaRuLzOxct8nz4T6wlgyUR7zLU309k9mBC768=",
        "owner": "nix-systems",
        "repo": "default",
        "rev": "da67096a3b9bf56a91d16901293e51ba5b49a27e",
        "type": "github"
      },
      "original": {
        "owner": "nix-systems",
        "repo": "default",
        "type": "github"
      }
    }
  },
  "root": "root",
  "version": 7
}
